{
  "version": 4,
  "terraform_version": "1.0.11",
  "serial": 200,
  "lineage": "309a5841-2818-800b-edde-15849dac3490",
  "outputs": {
    "resource_group_id": {
      "value": "/subscriptions/a889eedc-eb70-4dc1-94cc-92038722b7dd/resourceGroups/TerraformTesting",
      "type": "string"
    },
    "wordpress_dns_name": {
      "value": "wordpress_public_ip",
      "type": "string"
    },
    "wordpress_public_ip": {
      "value": "",
      "type": "string"
    }
  },
  "resources": [
    {
      "mode": "managed",
      "type": "azurerm_linux_virtual_machine",
      "name": "execution_manager",
      "provider": "provider[\"registry.terraform.io/hashicorp/azurerm\"]",
      "instances": [
        {
          "schema_version": 0,
          "attributes": {
            "additional_capabilities": [],
            "admin_password": null,
            "admin_ssh_key": [
              {
                "public_key": "ssh-rsa AAAAB3NzaC1yc2EAAAADAQABAAACAQCXW+/FLoDBFZ3Luk01jr4IJQxMrrAOX/Tn1ktpPP3P7lovRf3vciNHosnry6q3dV1mWh/L8nKjWHAs1AmP6H9CQrWIetj0vIKBTJDQpZG4unL148Ok529QmhS6pxWk9dfZQutNT2i11+PadCTi3W4Yy31/ZuJf6kvFOGOa954B4IcsG1b5d9kCffKj4uUWg7Yrry7e1pWRdiHgncKKBET2yDdZvJpGGhP1ELSkNjr+qBLkwZ9ofbEzeBL0Z9kdbDSanoS/Nu9mm1M+b5XmHicqjgYYIN3MuBqS28cZCzVYxEHpqlJVD9Rdhv6s4cxUnA+tC+ge3MbkOuNzoE6oJ22MrcL2+tiLpyYwmDlCsby6IdAfzdChbuG47oHP0fS32MXUC+h0ZplGGwYQ3cjOMX+eVhgs2sYHZYgELuDCEd93KM0jyiC9o9bN3qeaEv/HPb2hMGjrByfuX636BTDq2EiK4yozQbG2smBdEpsFyVOfHcWeHDUXI6AL2C7i7fKAvstxbQJsopsxwkoggE16b1GCr94RfU74iwMqI8EdAuL7My/gUSw6pBvfQ2zMCUgOwV/pPsduq+5cBHzbSiFQT3AKtdVBHWRXPEJgIbe4hkYGML2UPcuOIbfGf3JXXPmFjjF9WC+ykcBln98zjbBoxzXQ5+DM2LENkqW4i1A315XNCw== hpcds\\50051752@HCITB5CG84348VS\r\n",
                "username": "adminuser"
              }
            ],
            "admin_username": "adminuser",
            "allow_extension_operations": true,
            "availability_set_id": "",
            "boot_diagnostics": [],
            "computer_name": "execution-manager-machine",
            "custom_data": null,
            "dedicated_host_id": "",
            "disable_password_authentication": true,
            "encryption_at_host_enabled": false,
            "eviction_policy": "",
            "extensions_time_budget": "PT1H30M",
            "id": "/subscriptions/a889eedc-eb70-4dc1-94cc-92038722b7dd/resourceGroups/TerraformTesting/providers/Microsoft.Compute/virtualMachines/execution-manager-machine",
            "identity": [],
            "license_type": "",
            "location": "eastus",
            "max_bid_price": -1,
            "name": "execution-manager-machine",
            "network_interface_ids": [
              "/subscriptions/a889eedc-eb70-4dc1-94cc-92038722b7dd/resourceGroups/TerraformTesting/providers/Microsoft.Network/networkInterfaces/em_nic"
            ],
            "os_disk": [
              {
                "caching": "None",
                "diff_disk_settings": [],
                "disk_encryption_set_id": "",
                "disk_size_gb": 30,
                "name": "execution-manager-machine_OsDisk_1_eacfa3bc9b254487b4af8c7a3e4554b9",
                "storage_account_type": "Standard_LRS",
                "write_accelerator_enabled": false
              }
            ],
            "patch_mode": null,
            "plan": [],
            "platform_fault_domain": -1,
            "priority": "Regular",
            "private_ip_address": "10.0.2.4",
            "private_ip_addresses": [
              "10.0.2.4"
            ],
            "provision_vm_agent": true,
            "proximity_placement_group_id": "",
            "public_ip_address": "20.185.197.128",
            "public_ip_addresses": [
              "20.185.197.128"
            ],
            "resource_group_name": "TerraformTesting",
            "secret": [],
            "size": "Standard_B1s",
            "source_image_id": "",
            "source_image_reference": [
              {
                "offer": "CentOS",
                "publisher": "OpenLogic",
                "sku": "7.5",
                "version": "latest"
              }
            ],
            "tags": null,
            "timeouts": null,
            "virtual_machine_id": "33db934b-7e5c-41fe-a6fe-6085b87dbf54",
            "virtual_machine_scale_set_id": "",
            "zone": ""
          },
          "sensitive_attributes": [],
          "private": "eyJlMmJmYjczMC1lY2FhLTExZTYtOGY4OC0zNDM2M2JjN2M0YzAiOnsiY3JlYXRlIjoyNzAwMDAwMDAwMDAwLCJkZWxldGUiOjI3MDAwMDAwMDAwMDAsInJlYWQiOjMwMDAwMDAwMDAwMCwidXBkYXRlIjoyNzAwMDAwMDAwMDAwfX0=",
          "dependencies": [
            "azurerm_network_interface.em_nic",
            "azurerm_public_ip.em_public_ip",
            "azurerm_resource_group.rg",
            "azurerm_subnet.subnet",
            "azurerm_virtual_network.vnet"
          ]
        }
      ]
    },
    {
      "mode": "managed",
      "type": "azurerm_linux_virtual_machine",
      "name": "postgres",
      "provider": "provider[\"registry.terraform.io/hashicorp/azurerm\"]",
      "instances": [
        {
          "schema_version": 0,
          "attributes": {
            "additional_capabilities": [],
            "admin_password": "P@$$w0rd1234!",
            "admin_ssh_key": [],
            "admin_username": "adminuser",
            "allow_extension_operations": true,
            "availability_set_id": "",
            "boot_diagnostics": [],
            "computer_name": "postgres-machine",
            "custom_data": null,
            "dedicated_host_id": "",
            "disable_password_authentication": false,
            "encryption_at_host_enabled": false,
            "eviction_policy": "",
            "extensions_time_budget": "PT1H30M",
            "id": "/subscriptions/a889eedc-eb70-4dc1-94cc-92038722b7dd/resourceGroups/TerraformTesting/providers/Microsoft.Compute/virtualMachines/postgres-machine",
            "identity": [],
            "license_type": "",
            "location": "eastus",
            "max_bid_price": -1,
            "name": "postgres-machine",
            "network_interface_ids": [
              "/subscriptions/a889eedc-eb70-4dc1-94cc-92038722b7dd/resourceGroups/TerraformTesting/providers/Microsoft.Network/networkInterfaces/postgres_nic"
            ],
            "os_disk": [
              {
                "caching": "None",
                "diff_disk_settings": [],
                "disk_encryption_set_id": "",
                "disk_size_gb": 30,
                "name": "postgres-machine_OsDisk_1_e5ee75c55b5e40b9b64de8da609c91d5",
                "storage_account_type": "Standard_LRS",
                "write_accelerator_enabled": false
              }
            ],
            "patch_mode": null,
            "plan": [],
            "platform_fault_domain": -1,
            "priority": "Regular",
            "private_ip_address": "10.0.2.6",
            "private_ip_addresses": [
              "10.0.2.6"
            ],
            "provision_vm_agent": true,
            "proximity_placement_group_id": "",
            "public_ip_address": "",
            "public_ip_addresses": [],
            "resource_group_name": "TerraformTesting",
            "secret": [],
            "size": "Standard_B1s",
            "source_image_id": "",
            "source_image_reference": [
              {
                "offer": "UbuntuServer",
                "publisher": "Canonical",
                "sku": "18.04-LTS",
                "version": "latest"
              }
            ],
            "tags": null,
            "timeouts": null,
            "virtual_machine_id": "1c5b9ad3-b89a-4ba1-9d7f-74553656f9bd",
            "virtual_machine_scale_set_id": "",
            "zone": ""
          },
          "sensitive_attributes": [],
          "private": "eyJlMmJmYjczMC1lY2FhLTExZTYtOGY4OC0zNDM2M2JjN2M0YzAiOnsiY3JlYXRlIjoyNzAwMDAwMDAwMDAwLCJkZWxldGUiOjI3MDAwMDAwMDAwMDAsInJlYWQiOjMwMDAwMDAwMDAwMCwidXBkYXRlIjoyNzAwMDAwMDAwMDAwfX0=",
          "dependencies": [
            "azurerm_network_interface.postgres_nic",
            "azurerm_resource_group.rg",
            "azurerm_subnet.subnet",
            "azurerm_virtual_network.vnet"
          ]
        }
      ]
    },
    {
      "mode": "managed",
      "type": "azurerm_linux_virtual_machine",
      "name": "wordpress",
      "provider": "provider[\"registry.terraform.io/hashicorp/azurerm\"]",
      "instances": [
        {
          "schema_version": 0,
          "attributes": {
            "additional_capabilities": [],
            "admin_password": "P@$$w0rd1234!",
            "admin_ssh_key": [
              {
                "public_key": "ssh-rsa AAAAB3NzaC1yc2EAAAADAQABAAACAQCXW+/FLoDBFZ3Luk01jr4IJQxMrrAOX/Tn1ktpPP3P7lovRf3vciNHosnry6q3dV1mWh/L8nKjWHAs1AmP6H9CQrWIetj0vIKBTJDQpZG4unL148Ok529QmhS6pxWk9dfZQutNT2i11+PadCTi3W4Yy31/ZuJf6kvFOGOa954B4IcsG1b5d9kCffKj4uUWg7Yrry7e1pWRdiHgncKKBET2yDdZvJpGGhP1ELSkNjr+qBLkwZ9ofbEzeBL0Z9kdbDSanoS/Nu9mm1M+b5XmHicqjgYYIN3MuBqS28cZCzVYxEHpqlJVD9Rdhv6s4cxUnA+tC+ge3MbkOuNzoE6oJ22MrcL2+tiLpyYwmDlCsby6IdAfzdChbuG47oHP0fS32MXUC+h0ZplGGwYQ3cjOMX+eVhgs2sYHZYgELuDCEd93KM0jyiC9o9bN3qeaEv/HPb2hMGjrByfuX636BTDq2EiK4yozQbG2smBdEpsFyVOfHcWeHDUXI6AL2C7i7fKAvstxbQJsopsxwkoggE16b1GCr94RfU74iwMqI8EdAuL7My/gUSw6pBvfQ2zMCUgOwV/pPsduq+5cBHzbSiFQT3AKtdVBHWRXPEJgIbe4hkYGML2UPcuOIbfGf3JXXPmFjjF9WC+ykcBln98zjbBoxzXQ5+DM2LENkqW4i1A315XNCw== hpcds\\50051752@HCITB5CG84348VS\r\n",
                "username": "adminuser"
              }
            ],
            "admin_username": "adminuser",
            "allow_extension_operations": true,
            "availability_set_id": "",
            "boot_diagnostics": [],
            "computer_name": "wordpress-machine",
            "custom_data": null,
            "dedicated_host_id": "",
            "disable_password_authentication": false,
            "encryption_at_host_enabled": false,
            "eviction_policy": "",
            "extensions_time_budget": "PT1H30M",
            "id": "/subscriptions/a889eedc-eb70-4dc1-94cc-92038722b7dd/resourceGroups/TerraformTesting/providers/Microsoft.Compute/virtualMachines/wordpress-machine",
            "identity": [],
            "license_type": "",
            "location": "eastus",
            "max_bid_price": -1,
            "name": "wordpress-machine",
            "network_interface_ids": [
              "/subscriptions/a889eedc-eb70-4dc1-94cc-92038722b7dd/resourceGroups/TerraformTesting/providers/Microsoft.Network/networkInterfaces/wordpress_nic"
            ],
            "os_disk": [
              {
                "caching": "None",
                "diff_disk_settings": [],
                "disk_encryption_set_id": "",
                "disk_size_gb": 30,
                "name": "wordpress-machine_OsDisk_1_12a88da7efca48589c63dfc286f39d86",
                "storage_account_type": "Standard_LRS",
                "write_accelerator_enabled": false
              }
            ],
            "patch_mode": null,
            "plan": [],
            "platform_fault_domain": -1,
            "priority": "Regular",
            "private_ip_address": "10.0.2.5",
            "private_ip_addresses": [
              "10.0.2.5"
            ],
            "provision_vm_agent": true,
            "proximity_placement_group_id": "",
            "public_ip_address": "20.185.197.126",
            "public_ip_addresses": [
              "20.185.197.126"
            ],
            "resource_group_name": "TerraformTesting",
            "secret": [],
            "size": "Standard_B1s",
            "source_image_id": "",
            "source_image_reference": [
              {
                "offer": "UbuntuServer",
                "publisher": "Canonical",
                "sku": "18.04-LTS",
                "version": "latest"
              }
            ],
            "tags": null,
            "timeouts": null,
            "virtual_machine_id": "ad9c416c-f908-4a32-8dff-982e4526ce26",
            "virtual_machine_scale_set_id": "",
            "zone": ""
          },
          "sensitive_attributes": [],
          "private": "eyJlMmJmYjczMC1lY2FhLTExZTYtOGY4OC0zNDM2M2JjN2M0YzAiOnsiY3JlYXRlIjoyNzAwMDAwMDAwMDAwLCJkZWxldGUiOjI3MDAwMDAwMDAwMDAsInJlYWQiOjMwMDAwMDAwMDAwMCwidXBkYXRlIjoyNzAwMDAwMDAwMDAwfX0=",
          "dependencies": [
            "azurerm_network_interface.wordpress_nic",
            "azurerm_public_ip.wordpress_public_ip",
            "azurerm_resource_group.rg",
            "azurerm_subnet.subnet",
            "azurerm_virtual_network.vnet"
          ]
        }
      ]
    },
    {
      "mode": "managed",
      "type": "azurerm_network_interface",
      "name": "em_nic",
      "provider": "provider[\"registry.terraform.io/hashicorp/azurerm\"]",
      "instances": [
        {
          "schema_version": 0,
          "attributes": {
            "applied_dns_servers": [],
            "dns_servers": [],
            "enable_accelerated_networking": false,
            "enable_ip_forwarding": false,
            "id": "/subscriptions/a889eedc-eb70-4dc1-94cc-92038722b7dd/resourceGroups/TerraformTesting/providers/Microsoft.Network/networkInterfaces/em_nic",
            "internal_dns_name_label": "",
            "internal_domain_name_suffix": "250iegg31bqepmfis010zpe3bg.bx.internal.cloudapp.net",
            "ip_configuration": [
              {
                "gateway_load_balancer_frontend_ip_configuration_id": "",
                "name": "ipconfig1",
                "primary": true,
                "private_ip_address": "10.0.2.4",
                "private_ip_address_allocation": "Dynamic",
                "private_ip_address_version": "IPv4",
                "public_ip_address_id": "/subscriptions/a889eedc-eb70-4dc1-94cc-92038722b7dd/resourceGroups/TerraformTesting/providers/Microsoft.Network/publicIPAddresses/em_public_ip",
                "subnet_id": "/subscriptions/a889eedc-eb70-4dc1-94cc-92038722b7dd/resourceGroups/TerraformTesting/providers/Microsoft.Network/virtualNetworks/vNet/subnets/internal"
              }
            ],
            "location": "eastus",
            "mac_address": "",
            "name": "em_nic",
            "private_ip_address": "10.0.2.4",
            "private_ip_addresses": [
              "10.0.2.4"
            ],
            "resource_group_name": "TerraformTesting",
            "tags": null,
            "timeouts": null,
            "virtual_machine_id": ""
          },
          "sensitive_attributes": [],
          "private": "eyJlMmJmYjczMC1lY2FhLTExZTYtOGY4OC0zNDM2M2JjN2M0YzAiOnsiY3JlYXRlIjoxODAwMDAwMDAwMDAwLCJkZWxldGUiOjE4MDAwMDAwMDAwMDAsInJlYWQiOjMwMDAwMDAwMDAwMCwidXBkYXRlIjoxODAwMDAwMDAwMDAwfX0=",
          "dependencies": [
            "azurerm_public_ip.em_public_ip",
            "azurerm_resource_group.rg",
            "azurerm_subnet.subnet",
            "azurerm_virtual_network.vnet"
          ]
        }
      ]
    },
    {
      "mode": "managed",
      "type": "azurerm_network_interface",
      "name": "postgres_nic",
      "provider": "provider[\"registry.terraform.io/hashicorp/azurerm\"]",
      "instances": [
        {
          "schema_version": 0,
          "attributes": {
            "applied_dns_servers": [],
            "dns_servers": [],
            "enable_accelerated_networking": false,
            "enable_ip_forwarding": false,
            "id": "/subscriptions/a889eedc-eb70-4dc1-94cc-92038722b7dd/resourceGroups/TerraformTesting/providers/Microsoft.Network/networkInterfaces/postgres_nic",
            "internal_dns_name_label": "",
            "internal_domain_name_suffix": "250iegg31bqepmfis010zpe3bg.bx.internal.cloudapp.net",
            "ip_configuration": [
              {
                "gateway_load_balancer_frontend_ip_configuration_id": "",
                "name": "internal",
                "primary": true,
                "private_ip_address": "10.0.2.6",
                "private_ip_address_allocation": "Dynamic",
                "private_ip_address_version": "IPv4",
                "public_ip_address_id": "",
                "subnet_id": "/subscriptions/a889eedc-eb70-4dc1-94cc-92038722b7dd/resourceGroups/TerraformTesting/providers/Microsoft.Network/virtualNetworks/vNet/subnets/internal"
              }
            ],
            "location": "eastus",
            "mac_address": "",
            "name": "postgres_nic",
            "private_ip_address": "10.0.2.6",
            "private_ip_addresses": [
              "10.0.2.6"
            ],
            "resource_group_name": "TerraformTesting",
            "tags": null,
            "timeouts": null,
            "virtual_machine_id": ""
          },
          "sensitive_attributes": [],
          "private": "eyJlMmJmYjczMC1lY2FhLTExZTYtOGY4OC0zNDM2M2JjN2M0YzAiOnsiY3JlYXRlIjoxODAwMDAwMDAwMDAwLCJkZWxldGUiOjE4MDAwMDAwMDAwMDAsInJlYWQiOjMwMDAwMDAwMDAwMCwidXBkYXRlIjoxODAwMDAwMDAwMDAwfX0=",
          "dependencies": [
            "azurerm_resource_group.rg",
            "azurerm_subnet.subnet",
            "azurerm_virtual_network.vnet"
          ]
        }
      ]
    },
    {
      "mode": "managed",
      "type": "azurerm_network_interface",
      "name": "wordpress_nic",
      "provider": "provider[\"registry.terraform.io/hashicorp/azurerm\"]",
      "instances": [
        {
          "schema_version": 0,
          "attributes": {
            "applied_dns_servers": [],
            "dns_servers": [],
            "enable_accelerated_networking": false,
            "enable_ip_forwarding": false,
            "id": "/subscriptions/a889eedc-eb70-4dc1-94cc-92038722b7dd/resourceGroups/TerraformTesting/providers/Microsoft.Network/networkInterfaces/wordpress_nic",
            "internal_dns_name_label": "",
            "internal_domain_name_suffix": "250iegg31bqepmfis010zpe3bg.bx.internal.cloudapp.net",
            "ip_configuration": [
              {
                "gateway_load_balancer_frontend_ip_configuration_id": "",
                "name": "ipconfig1",
                "primary": true,
                "private_ip_address": "10.0.2.5",
                "private_ip_address_allocation": "Dynamic",
                "private_ip_address_version": "IPv4",
                "public_ip_address_id": "/subscriptions/a889eedc-eb70-4dc1-94cc-92038722b7dd/resourceGroups/TerraformTesting/providers/Microsoft.Network/publicIPAddresses/wordpress_public_ip",
                "subnet_id": "/subscriptions/a889eedc-eb70-4dc1-94cc-92038722b7dd/resourceGroups/TerraformTesting/providers/Microsoft.Network/virtualNetworks/vNet/subnets/internal"
              }
            ],
            "location": "eastus",
            "mac_address": "",
            "name": "wordpress_nic",
            "private_ip_address": "10.0.2.5",
            "private_ip_addresses": [
              "10.0.2.5"
            ],
            "resource_group_name": "TerraformTesting",
            "tags": null,
            "timeouts": null,
            "virtual_machine_id": ""
          },
          "sensitive_attributes": [],
          "private": "eyJlMmJmYjczMC1lY2FhLTExZTYtOGY4OC0zNDM2M2JjN2M0YzAiOnsiY3JlYXRlIjoxODAwMDAwMDAwMDAwLCJkZWxldGUiOjE4MDAwMDAwMDAwMDAsInJlYWQiOjMwMDAwMDAwMDAwMCwidXBkYXRlIjoxODAwMDAwMDAwMDAwfX0=",
          "dependencies": [
            "azurerm_public_ip.wordpress_public_ip",
            "azurerm_resource_group.rg",
            "azurerm_subnet.subnet",
            "azurerm_virtual_network.vnet"
          ]
        }
      ]
    },
    {
      "mode": "managed",
      "type": "azurerm_public_ip",
      "name": "em_public_ip",
      "provider": "provider[\"registry.terraform.io/hashicorp/azurerm\"]",
      "instances": [
        {
          "schema_version": 0,
          "attributes": {
            "allocation_method": "Dynamic",
            "availability_zone": "No-Zone",
            "domain_name_label": null,
            "fqdn": null,
            "id": "/subscriptions/a889eedc-eb70-4dc1-94cc-92038722b7dd/resourceGroups/TerraformTesting/providers/Microsoft.Network/publicIPAddresses/em_public_ip",
            "idle_timeout_in_minutes": 4,
            "ip_address": "",
            "ip_tags": null,
            "ip_version": "IPv4",
            "location": "eastus",
            "name": "em_public_ip",
            "public_ip_prefix_id": null,
            "resource_group_name": "TerraformTesting",
            "reverse_fqdn": null,
            "sku": "Basic",
            "sku_tier": "Regional",
            "tags": null,
            "timeouts": null,
            "zones": []
          },
          "sensitive_attributes": [],
          "private": "eyJlMmJmYjczMC1lY2FhLTExZTYtOGY4OC0zNDM2M2JjN2M0YzAiOnsiY3JlYXRlIjoxODAwMDAwMDAwMDAwLCJkZWxldGUiOjE4MDAwMDAwMDAwMDAsInJlYWQiOjMwMDAwMDAwMDAwMCwidXBkYXRlIjoxODAwMDAwMDAwMDAwfX0=",
          "dependencies": [
            "azurerm_resource_group.rg"
          ]
        }
      ]
    },
    {
      "mode": "managed",
      "type": "azurerm_public_ip",
      "name": "wordpress_public_ip",
      "provider": "provider[\"registry.terraform.io/hashicorp/azurerm\"]",
      "instances": [
        {
          "schema_version": 0,
          "attributes": {
            "allocation_method": "Dynamic",
            "availability_zone": "No-Zone",
            "domain_name_label": null,
            "fqdn": null,
            "id": "/subscriptions/a889eedc-eb70-4dc1-94cc-92038722b7dd/resourceGroups/TerraformTesting/providers/Microsoft.Network/publicIPAddresses/wordpress_public_ip",
            "idle_timeout_in_minutes": 4,
            "ip_address": "",
            "ip_tags": null,
            "ip_version": "IPv4",
            "location": "eastus",
            "name": "wordpress_public_ip",
            "public_ip_prefix_id": null,
            "resource_group_name": "TerraformTesting",
            "reverse_fqdn": null,
            "sku": "Basic",
            "sku_tier": "Regional",
            "tags": null,
            "timeouts": null,
            "zones": []
          },
          "sensitive_attributes": [],
          "private": "eyJlMmJmYjczMC1lY2FhLTExZTYtOGY4OC0zNDM2M2JjN2M0YzAiOnsiY3JlYXRlIjoxODAwMDAwMDAwMDAwLCJkZWxldGUiOjE4MDAwMDAwMDAwMDAsInJlYWQiOjMwMDAwMDAwMDAwMCwidXBkYXRlIjoxODAwMDAwMDAwMDAwfX0=",
          "dependencies": [
            "azurerm_resource_group.rg"
          ]
        }
      ]
    },
    {
      "mode": "managed",
      "type": "azurerm_resource_group",
      "name": "rg",
      "provider": "provider[\"registry.terraform.io/hashicorp/azurerm\"]",
      "instances": [
        {
          "schema_version": 0,
          "attributes": {
            "id": "/subscriptions/a889eedc-eb70-4dc1-94cc-92038722b7dd/resourceGroups/TerraformTesting",
            "location": "eastus",
            "name": "TerraformTesting",
            "tags": null,
            "timeouts": null
          },
          "sensitive_attributes": [],
          "private": "eyJlMmJmYjczMC1lY2FhLTExZTYtOGY4OC0zNDM2M2JjN2M0YzAiOnsiY3JlYXRlIjo1NDAwMDAwMDAwMDAwLCJkZWxldGUiOjU0MDAwMDAwMDAwMDAsInJlYWQiOjMwMDAwMDAwMDAwMCwidXBkYXRlIjo1NDAwMDAwMDAwMDAwfX0="
        }
      ]
    },
    {
      "mode": "managed",
      "type": "azurerm_subnet",
      "name": "subnet",
      "provider": "provider[\"registry.terraform.io/hashicorp/azurerm\"]",
      "instances": [
        {
          "schema_version": 0,
          "attributes": {
            "address_prefix": "10.0.2.0/24",
            "address_prefixes": [
              "10.0.2.0/24"
            ],
            "delegation": [],
            "enforce_private_link_endpoint_network_policies": false,
            "enforce_private_link_service_network_policies": false,
            "id": "/subscriptions/a889eedc-eb70-4dc1-94cc-92038722b7dd/resourceGroups/TerraformTesting/providers/Microsoft.Network/virtualNetworks/vNet/subnets/internal",
            "name": "internal",
            "resource_group_name": "TerraformTesting",
            "service_endpoint_policy_ids": null,
            "service_endpoints": null,
            "timeouts": null,
            "virtual_network_name": "vNet"
          },
          "sensitive_attributes": [],
          "private": "eyJlMmJmYjczMC1lY2FhLTExZTYtOGY4OC0zNDM2M2JjN2M0YzAiOnsiY3JlYXRlIjoxODAwMDAwMDAwMDAwLCJkZWxldGUiOjE4MDAwMDAwMDAwMDAsInJlYWQiOjMwMDAwMDAwMDAwMCwidXBkYXRlIjoxODAwMDAwMDAwMDAwfX0=",
          "dependencies": [
            "azurerm_resource_group.rg",
            "azurerm_virtual_network.vnet"
          ]
        }
      ]
    },
    {
      "mode": "managed",
      "type": "azurerm_virtual_network",
      "name": "vnet",
      "provider": "provider[\"registry.terraform.io/hashicorp/azurerm\"]",
      "instances": [
        {
          "schema_version": 0,
          "attributes": {
            "address_space": [
              "10.0.0.0/16"
            ],
            "bgp_community": "",
            "ddos_protection_plan": [],
            "dns_servers": [],
            "guid": "1882f4e7-d8dd-4760-b0a8-96b7acbc9d0e",
            "id": "/subscriptions/a889eedc-eb70-4dc1-94cc-92038722b7dd/resourceGroups/TerraformTesting/providers/Microsoft.Network/virtualNetworks/vNet",
            "location": "eastus",
            "name": "vNet",
            "resource_group_name": "TerraformTesting",
            "subnet": [],
            "tags": null,
            "timeouts": null,
            "vm_protection_enabled": false
          },
          "sensitive_attributes": [],
          "private": "eyJlMmJmYjczMC1lY2FhLTExZTYtOGY4OC0zNDM2M2JjN2M0YzAiOnsiY3JlYXRlIjoxODAwMDAwMDAwMDAwLCJkZWxldGUiOjE4MDAwMDAwMDAwMDAsInJlYWQiOjMwMDAwMDAwMDAwMCwidXBkYXRlIjoxODAwMDAwMDAwMDAwfX0=",
          "dependencies": [
            "azurerm_resource_group.rg"
          ]
        }
      ]
    }
  ]
}
